
Microsoft Visual Studio Solution File, Format Version 12.00
# Visual Studio 15
VisualStudioVersion = 15.0.28307.539
MinimumVisualStudioVersion = 10.0.40219.1
Project("{FAE04EC0-301F-11D3-BF4B-00C04F79EFBC}") = "Hangman", "Hangman\Hangman.csproj", "{33367867-7C27-4F6B-807B-7BD669B9AE70}"
EndProject
Global
	GlobalSection(SolutionConfigurationPlatforms) = preSolution
		Debug|Any CPU = Debug|Any CPU
		Release|Any CPU = Release|Any CPU
	EndGlobalSection
	GlobalSection(ProjectConfigurationPlatforms) = postSolution
		{33367867-7C27-4F6B-807B-7BD669B9AE70}.Debug|Any CPU.ActiveCfg = Debug|Any CPU
		{33367867-7C27-4F6B-807B-7BD669B9AE70}.Debug|Any CPU.Build.0 = Debug|Any CPU
		{33367867-7C27-4F6B-807B-7BD669B9AE70}.Release|Any CPU.ActiveCfg = Release|Any CPU
		{33367867-7C27-4F6B-807B-7BD669B9AE70}.Release|Any CPU.Build.0 = Release|Any CPU
	EndGlobalSection
	GlobalSection(SolutionProperties) = preSolution
		HideSolutionNode = FALSE
	EndGlobalSection
	GlobalSection(ExtensibilityGlobals) = postSolution
		SolutionGuid = {D4CD2CBE-6487-4D5F-B2F4-47F81B4F29E1}
	EndGlobalSection
EndGlobal
